
Microsoft Visual Studio Solution File, Format Version 12.00
# Visual Studio 15
VisualStudioVersion = 15.0.28010.2046
MinimumVisualStudioVersion = 10.0.40219.1
Project("{FAE04EC0-301F-11D3-BF4B-00C04F79EFBC}") = "lab2", "lab2\lab2.csproj", "{47ADBA4D-CAEE-4F81-93C2-3910DA3E67BA}"
EndProject
Global
	GlobalSection(SolutionConfigurationPlatforms) = preSolution
		Debug|Any CPU = Debug|Any CPU
		Release|Any CPU = Release|Any CPU
	EndGlobalSection
	GlobalSection(ProjectConfigurationPlatforms) = postSolution
		{47ADBA4D-CAEE-4F81-93C2-3910DA3E67BA}.Debug|Any CPU.ActiveCfg = Debug|Any CPU
		{47ADBA4D-CAEE-4F81-93C2-3910DA3E67BA}.Debug|Any CPU.Build.0 = Debug|Any CPU
		{47ADBA4D-CAEE-4F81-93C2-3910DA3E67BA}.Release|Any CPU.ActiveCfg = Release|Any CPU
		{47ADBA4D-CAEE-4F81-93C2-3910DA3E67BA}.Release|Any CPU.Build.0 = Release|Any CPU
	EndGlobalSection
	GlobalSection(SolutionProperties) = preSolution
		HideSolutionNode = FALSE
	EndGlobalSection
	GlobalSection(ExtensibilityGlobals) = postSolution
		SolutionGuid = {D2285971-56A0-42DA-B594-EDA7B19FB1E0}
	EndGlobalSection
EndGlobal
